
Microsoft Visual Studio Solution File, Format Version 12.00
# Visual Studio Version 17
VisualStudioVersion = 17.14.36511.14 d17.14
MinimumVisualStudioVersion = 10.0.40219.1
Project("{FAE04EC0-301F-11D3-BF4B-00C04F79EFBC}") = "GestionHuacales.Api9", "GestionHuacales.Api9\GestionHuacales.Api9.csproj", "{46C6F3B9-8D86-4107-BB5B-9EBBD99F2AFF}"
EndProject
Project("{FAE04EC0-301F-11D3-BF4B-00C04F79EFBC}") = "GestionHuacales.Api8", "GestionHuacales.Api8\GestionHuacales.Api8.csproj", "{B46606EB-BA36-4309-8588-4A57EACFC36F}"
EndProject
Global
	GlobalSection(SolutionConfigurationPlatforms) = preSolution
		Debug|Any CPU = Debug|Any CPU
		Release|Any CPU = Release|Any CPU
	EndGlobalSection
	GlobalSection(ProjectConfigurationPlatforms) = postSolution
		{46C6F3B9-8D86-4107-BB5B-9EBBD99F2AFF}.Debug|Any CPU.ActiveCfg = Debug|Any CPU
		{46C6F3B9-8D86-4107-BB5B-9EBBD99F2AFF}.Debug|Any CPU.Build.0 = Debug|Any CPU
		{46C6F3B9-8D86-4107-BB5B-9EBBD99F2AFF}.Release|Any CPU.ActiveCfg = Release|Any CPU
		{46C6F3B9-8D86-4107-BB5B-9EBBD99F2AFF}.Release|Any CPU.Build.0 = Release|Any CPU
		{B46606EB-BA36-4309-8588-4A57EACFC36F}.Debug|Any CPU.ActiveCfg = Debug|Any CPU
		{B46606EB-BA36-4309-8588-4A57EACFC36F}.Debug|Any CPU.Build.0 = Debug|Any CPU
		{B46606EB-BA36-4309-8588-4A57EACFC36F}.Release|Any CPU.ActiveCfg = Release|Any CPU
		{B46606EB-BA36-4309-8588-4A57EACFC36F}.Release|Any CPU.Build.0 = Release|Any CPU
	EndGlobalSection
	GlobalSection(SolutionProperties) = preSolution
		HideSolutionNode = FALSE
	EndGlobalSection
	GlobalSection(ExtensibilityGlobals) = postSolution
		SolutionGuid = {666E2B8B-6697-43C7-85E0-1B4FFE31B1AC}
	EndGlobalSection
EndGlobal
